{
  "name": "python short project",
  "lockfileVersion": 2,
  "requires": true,
  "packages": {
    "": {
      "dependencies": {
        "tk": "^0.1.2",
        "tkinter": "^0.0.2-security"
      }
    },
    "node_modules/tk": {
      "version": "0.1.2",
      "resolved": "https://registry.npmjs.org/tk/-/tk-0.1.2.tgz",
      "integrity": "sha512-aNeuTashKfjVtIHAkNrBuWPIQHySz17JmQ1G+MHKwHFZGSvFalbyzchR/uPBjKcPRGFhCYynJDAbNbjqEF+rog==",
      "engines": {
        "node": ">= 0.6.0"
      }
    },
    "node_modules/tkinter": {
      "version": "0.0.2-security",
      "resolved": "https://registry.npmjs.org/tkinter/-/tkinter-0.0.2-security.tgz",
      "integrity": "sha512-UkXsGCGdbiWduImQ2pmtU6QnHmICrD1nrEyI+Nfg85l+psxenZKGzjNs43uvNerz2qJBmIHgBmxFnHWFzXk2uw=="
    }
  },
  "dependencies": {
    "tk": {
      "version": "0.1.2",
      "resolved": "https://registry.npmjs.org/tk/-/tk-0.1.2.tgz",
      "integrity": "sha512-aNeuTashKfjVtIHAkNrBuWPIQHySz17JmQ1G+MHKwHFZGSvFalbyzchR/uPBjKcPRGFhCYynJDAbNbjqEF+rog=="
    },
    "tkinter": {
      "version": "0.0.2-security",
      "resolved": "https://registry.npmjs.org/tkinter/-/tkinter-0.0.2-security.tgz",
      "integrity": "sha512-UkXsGCGdbiWduImQ2pmtU6QnHmICrD1nrEyI+Nfg85l+psxenZKGzjNs43uvNerz2qJBmIHgBmxFnHWFzXk2uw=="
    }
  }
}
